<?xml version="1.0" encoding="UTF-8"?>
<CodeBlocks_project_file>
	<FileVersion major="1" minor="6"/>
	<Project>
		<Option title="GPU_Development_Tools"/>
		<Option makefile_is_custom="1"/>
		<Option compiler="msvc8"/>
		<Option virtualFolders="CMake Files\;CMake Files\include\;CMake Files\include\common\;CMake Files\include\common\gdt\;CMake Files\include\common\gdt\cmake\;CMake Files\CMake\;CMake Files\CMake\clipper\;CMake Files\CMake\compress\;CMake Files\CMake\cuda_kernel\;CMake Files\CMake\gpu_testsuit\;CMake Files\CMake\FindCUDA\;CMake Files\CMake\molflow_win\;CMake Files\CMake\molflow_sub\;CMake Files\CMake\pugixml\;CMake Files\CMake\nativefiledialog\;CMake Files\CMake\sdl_savepng\;CMake Files\CMake\truncatedgaussian\;CMake Files\CMake\png_zlib_win_library\;CMake Files\_shared_sources\;"/>
		<Build>
			<Target title="all">
				<Option working_dir="D:/cernbox/Projects/Molflow_code/molflow_procs/include/common/gdt/cmake"/>
				<Option type="4"/>
				<MakeCommands>
					<Build command="nmake /NOLOGO /f D:\cernbox\Projects\Molflow_code\molflow_procs\include\common\gdt\cmake\Makefile VERBOSE=1 all"/>
					<CompileFile command="nmake /NOLOGO /f D:\cernbox\Projects\Molflow_code\molflow_procs\include\common\gdt\cmake\Makefile VERBOSE=1 &quot;$file&quot;"/>
					<Clean command="nmake /NOLOGO /f D:\cernbox\Projects\Molflow_code\molflow_procs\include\common\gdt\cmake\Makefile VERBOSE=1 clean"/>
					<DistClean command="nmake /NOLOGO /f D:\cernbox\Projects\Molflow_code\molflow_procs\include\common\gdt\cmake\Makefile VERBOSE=1 clean"/>
				</MakeCommands>
			</Target>
			<Target title="gdt">
				<Option output="D:/cernbox/Projects/Molflow_code/molflow_procs/include/common/gdt/cmake/gdt.lib" prefix_auto="0" extension_auto="0"/>
				<Option working_dir="D:/cernbox/Projects/Molflow_code/molflow_procs/include/common/gdt/cmake"/>
				<Option object_output="./"/>
				<Option type="2"/>
				<Option compiler="msvc8"/>
				<Compiler>
					<Add directory="D:/cernbox/Projects/Molflow_code/molflow_procs/include/common/gdt"/>
					<Add directory="C:\Program Files (x86)\Microsoft Visual Studio\2019\Community\VC\Tools\MSVC\14.24.28314\ATLMFC\include"/>
					<Add directory="C:\Program Files (x86)\Microsoft Visual Studio\2019\Community\VC\Tools\MSVC\14.24.28314\include"/>
					<Add directory="C:\Program Files (x86)\Windows Kits\NETFXSDK\4.8\include\um"/>
					<Add directory="C:\Program Files (x86)\Windows Kits\10\include\10.0.18362.0\ucrt"/>
					<Add directory="C:\Program Files (x86)\Windows Kits\10\include\10.0.18362.0\shared"/>
					<Add directory="C:\Program Files (x86)\Windows Kits\10\include\10.0.18362.0\um"/>
					<Add directory="C:\Program Files (x86)\Windows Kits\10\include\10.0.18362.0\winrt"/>
					<Add directory="C:\Program Files (x86)\Windows Kits\10\include\10.0.18362.0\cppwinrt"/>
				</Compiler>
				<MakeCommands>
					<Build command="nmake /NOLOGO /f D:\cernbox\Projects\Molflow_code\molflow_procs\include\common\gdt\cmake\Makefile VERBOSE=1 gdt"/>
					<CompileFile command="nmake /NOLOGO /f D:\cernbox\Projects\Molflow_code\molflow_procs\include\common\gdt\cmake\Makefile VERBOSE=1 &quot;$file&quot;"/>
					<Clean command="nmake /NOLOGO /f D:\cernbox\Projects\Molflow_code\molflow_procs\include\common\gdt\cmake\Makefile VERBOSE=1 clean"/>
					<DistClean command="nmake /NOLOGO /f D:\cernbox\Projects\Molflow_code\molflow_procs\include\common\gdt\cmake\Makefile VERBOSE=1 clean"/>
				</MakeCommands>
			</Target>
			<Target title="gdt/fast">
				<Option output="D:/cernbox/Projects/Molflow_code/molflow_procs/include/common/gdt/cmake/gdt.lib" prefix_auto="0" extension_auto="0"/>
				<Option working_dir="D:/cernbox/Projects/Molflow_code/molflow_procs/include/common/gdt/cmake"/>
				<Option object_output="./"/>
				<Option type="2"/>
				<Option compiler="msvc8"/>
				<Compiler>
					<Add directory="D:/cernbox/Projects/Molflow_code/molflow_procs/include/common/gdt"/>
					<Add directory="C:\Program Files (x86)\Microsoft Visual Studio\2019\Community\VC\Tools\MSVC\14.24.28314\ATLMFC\include"/>
					<Add directory="C:\Program Files (x86)\Microsoft Visual Studio\2019\Community\VC\Tools\MSVC\14.24.28314\include"/>
					<Add directory="C:\Program Files (x86)\Windows Kits\NETFXSDK\4.8\include\um"/>
					<Add directory="C:\Program Files (x86)\Windows Kits\10\include\10.0.18362.0\ucrt"/>
					<Add directory="C:\Program Files (x86)\Windows Kits\10\include\10.0.18362.0\shared"/>
					<Add directory="C:\Program Files (x86)\Windows Kits\10\include\10.0.18362.0\um"/>
					<Add directory="C:\Program Files (x86)\Windows Kits\10\include\10.0.18362.0\winrt"/>
					<Add directory="C:\Program Files (x86)\Windows Kits\10\include\10.0.18362.0\cppwinrt"/>
				</Compiler>
				<MakeCommands>
					<Build command="nmake /NOLOGO /f D:\cernbox\Projects\Molflow_code\molflow_procs\include\common\gdt\cmake\Makefile VERBOSE=1 gdt/fast"/>
					<CompileFile command="nmake /NOLOGO /f D:\cernbox\Projects\Molflow_code\molflow_procs\include\common\gdt\cmake\Makefile VERBOSE=1 &quot;$file&quot;"/>
					<Clean command="nmake /NOLOGO /f D:\cernbox\Projects\Molflow_code\molflow_procs\include\common\gdt\cmake\Makefile VERBOSE=1 clean"/>
					<DistClean command="nmake /NOLOGO /f D:\cernbox\Projects\Molflow_code\molflow_procs\include\common\gdt\cmake\Makefile VERBOSE=1 clean"/>
				</MakeCommands>
			</Target>
		</Build>
		<Unit filename="D:/cernbox/Projects/Molflow_code/molflow_procs/include/common/gdt/cmake/FindOptiX.cmake">
			<Option target="gdt"/>
		</Unit>
		<Unit filename="D:/cernbox/Projects/Molflow_code/molflow_procs/include/common/gdt/cmake/configure_build_type.cmake">
			<Option target="gdt"/>
		</Unit>
		<Unit filename="D:/cernbox/Projects/Molflow_code/molflow_procs/include/common/gdt/cmake/configure_optix.cmake">
			<Option target="gdt"/>
		</Unit>
		<Unit filename="D:/cernbox/Projects/Molflow_code/molflow_procs/include/common/gdt/gdt/gdt.cpp">
			<Option target="gdt"/>
		</Unit>
		<Unit filename="D:/cernbox/Projects/Molflow_code/molflow_procs/include/common/gdt/gdt/gdt.h">
			<Option target="gdt"/>
		</Unit>
		<Unit filename="D:/cernbox/Projects/Molflow_code/molflow_procs/include/common/gdt/gdt/math/AffineSpace.h">
			<Option target="gdt"/>
		</Unit>
		<Unit filename="D:/cernbox/Projects/Molflow_code/molflow_procs/include/common/gdt/gdt/math/LinearSpace.h">
			<Option target="gdt"/>
		</Unit>
		<Unit filename="D:/cernbox/Projects/Molflow_code/molflow_procs/CMakeLists.txt">
			<Option virtualFolder="CMake Files\"/>
		</Unit>
		<Unit filename="D:/cernbox/Projects/Molflow_code/molflow_procs/include/common/gdt/CMakeLists.txt">
			<Option virtualFolder="CMake Files\include\common\gdt\"/>
		</Unit>
		<Unit filename="D:/cernbox/Projects/Molflow_code/molflow_procs/include/common/gdt/cmake/configure_build_type.cmake">
			<Option virtualFolder="CMake Files\include\common\gdt\cmake\"/>
		</Unit>
		<Unit filename="D:/cernbox/Projects/Molflow_code/molflow_procs/include/common/gdt/cmake/configure_optix.cmake">
			<Option virtualFolder="CMake Files\include\common\gdt\cmake\"/>
		</Unit>
		<Unit filename="D:/cernbox/Projects/Molflow_code/molflow_procs/CMake/FindCUDA.cmake">
			<Option virtualFolder="CMake Files\CMake\"/>
		</Unit>
		<Unit filename="D:/cernbox/Projects/Molflow_code/molflow_procs/CMake/FindOptiX.cmake">
			<Option virtualFolder="CMake Files\CMake\"/>
		</Unit>
		<Unit filename="D:/cernbox/Projects/Molflow_code/molflow_procs/CMake/clipper/CMakeLists.txt">
			<Option virtualFolder="CMake Files\CMake\clipper\"/>
		</Unit>
		<Unit filename="D:/cernbox/Projects/Molflow_code/molflow_procs/CMake/compress/CMakeLists.txt">
			<Option virtualFolder="CMake Files\CMake\compress\"/>
		</Unit>
		<Unit filename="D:/cernbox/Projects/Molflow_code/molflow_procs/CMake/cuda_kernel/CMakeLists.txt">
			<Option virtualFolder="CMake Files\CMake\cuda_kernel\"/>
		</Unit>
		<Unit filename="D:/cernbox/Projects/Molflow_code/molflow_procs/CMake/gpu_testsuit/CMakeLists.txt">
			<Option virtualFolder="CMake Files\CMake\gpu_testsuit\"/>
		</Unit>
		<Unit filename="D:/cernbox/Projects/Molflow_code/molflow_procs/CMake/FindCUDA/run_nvcc.cmake">
			<Option virtualFolder="CMake Files\CMake\FindCUDA\"/>
		</Unit>
		<Unit filename="D:/cernbox/Projects/Molflow_code/molflow_procs/CMake/FindCUDA/select_compute_arch.cmake">
			<Option virtualFolder="CMake Files\CMake\FindCUDA\"/>
		</Unit>
		<Unit filename="D:/cernbox/Projects/Molflow_code/molflow_procs/CMake/molflow_win/CMakeLists.txt">
			<Option virtualFolder="CMake Files\CMake\molflow_win\"/>
		</Unit>
		<Unit filename="D:/cernbox/Projects/Molflow_code/molflow_procs/CMake/molflow_sub/CMakeLists.txt">
			<Option virtualFolder="CMake Files\CMake\molflow_sub\"/>
		</Unit>
		<Unit filename="D:/cernbox/Projects/Molflow_code/molflow_procs/CMake/pugixml/CMakeLists.txt">
			<Option virtualFolder="CMake Files\CMake\pugixml\"/>
		</Unit>
		<Unit filename="D:/cernbox/Projects/Molflow_code/molflow_procs/CMake/nativefiledialog/CMakeLists.txt">
			<Option virtualFolder="CMake Files\CMake\nativefiledialog\"/>
		</Unit>
		<Unit filename="D:/cernbox/Projects/Molflow_code/molflow_procs/CMake/sdl_savepng/CMakeLists.txt">
			<Option virtualFolder="CMake Files\CMake\sdl_savepng\"/>
		</Unit>
		<Unit filename="D:/cernbox/Projects/Molflow_code/molflow_procs/CMake/truncatedgaussian/CMakeLists.txt">
			<Option virtualFolder="CMake Files\CMake\truncatedgaussian\"/>
		</Unit>
		<Unit filename="D:/cernbox/Projects/Molflow_code/molflow_procs/CMake/png_zlib_win_library/CMakeLists.txt">
			<Option virtualFolder="CMake Files\CMake\png_zlib_win_library\"/>
		</Unit>
		<Unit filename="D:/cernbox/Projects/Molflow_code/molflow_procs/_shared_sources/CMakeLists.txt">
			<Option virtualFolder="CMake Files\_shared_sources\"/>
		</Unit>
	</Project>
</CodeBlocks_project_file>
